
Microsoft Visual Studio Solution File, Format Version 12.00
# Visual Studio Version 17
VisualStudioVersion = 17.6.33712.159
MinimumVisualStudioVersion = 10.0.40219.1
Project("{9A19103F-16F7-4668-BE54-9A1E7A4F7556}") = "FinalMarsAutomation", "FinalMarsAutomation\FinalMarsAutomation.csproj", "{4615F1BF-6D99-4226-8CC0-A2E85E2F3877}"
EndProject
Global
	GlobalSection(SolutionConfigurationPlatforms) = preSolution
		Debug|Any CPU = Debug|Any CPU
		Release|Any CPU = Release|Any CPU
	EndGlobalSection
	GlobalSection(ProjectConfigurationPlatforms) = postSolution
		{4615F1BF-6D99-4226-8CC0-A2E85E2F3877}.Debug|Any CPU.ActiveCfg = Debug|Any CPU
		{4615F1BF-6D99-4226-8CC0-A2E85E2F3877}.Debug|Any CPU.Build.0 = Debug|Any CPU
		{4615F1BF-6D99-4226-8CC0-A2E85E2F3877}.Release|Any CPU.ActiveCfg = Release|Any CPU
		{4615F1BF-6D99-4226-8CC0-A2E85E2F3877}.Release|Any CPU.Build.0 = Release|Any CPU
	EndGlobalSection
	GlobalSection(SolutionProperties) = preSolution
		HideSolutionNode = FALSE
	EndGlobalSection
	GlobalSection(ExtensibilityGlobals) = postSolution
		SolutionGuid = {95FEA27B-5A13-42F6-B8E2-300B5DA1BCFC}
	EndGlobalSection
EndGlobal
